
Microsoft Visual Studio Solution File, Format Version 12.00
# Visual Studio Version 17
VisualStudioVersion = 17.6.33829.357
MinimumVisualStudioVersion = 10.0.40219.1
Project("{FAE04EC0-301F-11D3-BF4B-00C04F79EFBC}") = "myfirtapi", "myfirtapi.csproj", "{896A0293-D855-4E16-89BC-75EE9C44F9ED}"
EndProject
Global
	GlobalSection(SolutionConfigurationPlatforms) = preSolution
		Debug|Any CPU = Debug|Any CPU
		Release|Any CPU = Release|Any CPU
	EndGlobalSection
	GlobalSection(ProjectConfigurationPlatforms) = postSolution
		{896A0293-D855-4E16-89BC-75EE9C44F9ED}.Debug|Any CPU.ActiveCfg = Debug|Any CPU
		{896A0293-D855-4E16-89BC-75EE9C44F9ED}.Debug|Any CPU.Build.0 = Debug|Any CPU
		{896A0293-D855-4E16-89BC-75EE9C44F9ED}.Release|Any CPU.ActiveCfg = Release|Any CPU
		{896A0293-D855-4E16-89BC-75EE9C44F9ED}.Release|Any CPU.Build.0 = Release|Any CPU
	EndGlobalSection
	GlobalSection(SolutionProperties) = preSolution
		HideSolutionNode = FALSE
	EndGlobalSection
	GlobalSection(ExtensibilityGlobals) = postSolution
		SolutionGuid = {B4A64DA5-806B-44B5-AEB0-F74AE2A95F54}
	EndGlobalSection
EndGlobal
